
Microsoft Visual Studio Solution File, Format Version 12.00
# Visual Studio Version 16
VisualStudioVersion = 16.0.30128.74
MinimumVisualStudioVersion = 10.0.40219.1
Project("{FAE04EC0-301F-11D3-BF4B-00C04F79EFBC}") = "Hangit.App", "Hangit.App\Hangit.App.csproj", "{5F700FBE-BD9E-455A-8C08-E61214AC12F1}"
EndProject
Global
	GlobalSection(SolutionConfigurationPlatforms) = preSolution
		Debug|Any CPU = Debug|Any CPU
		Release|Any CPU = Release|Any CPU
	EndGlobalSection
	GlobalSection(ProjectConfigurationPlatforms) = postSolution
		{5F700FBE-BD9E-455A-8C08-E61214AC12F1}.Debug|Any CPU.ActiveCfg = Debug|Any CPU
		{5F700FBE-BD9E-455A-8C08-E61214AC12F1}.Debug|Any CPU.Build.0 = Debug|Any CPU
		{5F700FBE-BD9E-455A-8C08-E61214AC12F1}.Release|Any CPU.ActiveCfg = Release|Any CPU
		{5F700FBE-BD9E-455A-8C08-E61214AC12F1}.Release|Any CPU.Build.0 = Release|Any CPU
	EndGlobalSection
	GlobalSection(SolutionProperties) = preSolution
		HideSolutionNode = FALSE
	EndGlobalSection
	GlobalSection(ExtensibilityGlobals) = postSolution
		SolutionGuid = {B5E6E22A-E0E6-46F0-AC42-30F3303948E5}
	EndGlobalSection
EndGlobal
